
Microsoft Visual Studio Solution File, Format Version 12.00
Project("{FAE04EC0-301F-11D3-BF4B-00C04F79EFBC}") = "NotifyPropertyChangedApp", "NotifyPropertyChangedApp\NotifyPropertyChangedApp.csproj", "{4A2F5C7B-8D87-452C-A4BD-23B2D9D55C82}"
EndProject
Global
	GlobalSection(SolutionConfigurationPlatforms) = preSolution
		Debug|Any CPU = Debug|Any CPU
		Release|Any CPU = Release|Any CPU
	EndGlobalSection
	GlobalSection(ProjectConfigurationPlatforms) = postSolution
		{4A2F5C7B-8D87-452C-A4BD-23B2D9D55C82}.Debug|Any CPU.ActiveCfg = Debug|Any CPU
		{4A2F5C7B-8D87-452C-A4BD-23B2D9D55C82}.Debug|Any CPU.Build.0 = Debug|Any CPU
		{4A2F5C7B-8D87-452C-A4BD-23B2D9D55C82}.Release|Any CPU.ActiveCfg = Release|Any CPU
		{4A2F5C7B-8D87-452C-A4BD-23B2D9D55C82}.Release|Any CPU.Build.0 = Release|Any CPU
	EndGlobalSection
EndGlobal
